
Microsoft Visual Studio Solution File, Format Version 12.00
# Visual Studio Version 16
VisualStudioVersion = 16.0.808.4
MinimumVisualStudioVersion = 10.0.40219.1
Project("{FAE04EC0-301F-11D3-BF4B-00C04F79EFBC}") = "JobPortalAPI", "JobPortalAPI\JobPortalAPI.csproj", "{7DBFC874-AF7E-4E4F-A37D-811AECAF9CD4}"
EndProject
Global
	GlobalSection(SolutionConfigurationPlatforms) = preSolution
		Debug|Any CPU = Debug|Any CPU
		Release|Any CPU = Release|Any CPU
	EndGlobalSection
	GlobalSection(ProjectConfigurationPlatforms) = postSolution
		{7DBFC874-AF7E-4E4F-A37D-811AECAF9CD4}.Debug|Any CPU.ActiveCfg = Debug|Any CPU
		{7DBFC874-AF7E-4E4F-A37D-811AECAF9CD4}.Debug|Any CPU.Build.0 = Debug|Any CPU
		{7DBFC874-AF7E-4E4F-A37D-811AECAF9CD4}.Release|Any CPU.ActiveCfg = Release|Any CPU
		{7DBFC874-AF7E-4E4F-A37D-811AECAF9CD4}.Release|Any CPU.Build.0 = Release|Any CPU
	EndGlobalSection
	GlobalSection(SolutionProperties) = preSolution
		HideSolutionNode = FALSE
	EndGlobalSection
	GlobalSection(ExtensibilityGlobals) = postSolution
		SolutionGuid = {2624EA11-C7B7-42F3-A1CF-DCAFF709CD62}
	EndGlobalSection
EndGlobal
